
Microsoft Visual Studio Solution File, Format Version 12.00
Project("{FAE04EC0-301F-11D3-BF4B-00C04F79EFBC}") = "Calculator", "Calculator\Calculator.csproj", "{ABB6CBA3-2E26-4DA3-BD0D-04399B80973C}"
EndProject
Global
	GlobalSection(SolutionConfigurationPlatforms) = preSolution
		Debug|Any CPU = Debug|Any CPU
		Release|Any CPU = Release|Any CPU
	EndGlobalSection
	GlobalSection(ProjectConfigurationPlatforms) = postSolution
		{ABB6CBA3-2E26-4DA3-BD0D-04399B80973C}.Debug|Any CPU.ActiveCfg = Debug|Any CPU
		{ABB6CBA3-2E26-4DA3-BD0D-04399B80973C}.Debug|Any CPU.Build.0 = Debug|Any CPU
		{ABB6CBA3-2E26-4DA3-BD0D-04399B80973C}.Release|Any CPU.ActiveCfg = Release|Any CPU
		{ABB6CBA3-2E26-4DA3-BD0D-04399B80973C}.Release|Any CPU.Build.0 = Release|Any CPU
	EndGlobalSection
EndGlobal
